// !$*UTF8*$!
{
	archiveVersion = 1;
	classes = {
	};
	objectVersion = 56;
	objects = {

/* Begin PBXBuildFile section */
		32294E082B2983FE000BEFE5 /* LandmarksApp.swift in Sources */ = {isa = PBXBuildFile; fileRef = 32294E072B2983FE000BEFE5 /* LandmarksApp.swift */; };
		32294E0A2B2983FE000BEFE5 /* ContentView.swift in Sources */ = {isa = PBXBuildFile; fileRef = 32294E092B2983FE000BEFE5 /* ContentView.swift */; };
		32294E0C2B2983FE000BEFE5 /* Assets.xcassets in Resources */ = {isa = PBXBuildFile; fileRef = 32294E0B2B2983FE000BEFE5 /* Assets.xcassets */; };
		32294E0F2B2983FE000BEFE5 /* Preview Assets.xcassets in Resources */ = {isa = PBXBuildFile; fileRef = 32294E0E2B2983FE000BEFE5 /* Preview Assets.xcassets */; };
		326DC99F2B29BF0100263514 /* landmarkData.json in Resources */ = {isa = PBXBuildFile; fileRef = 326DC99E2B29BF0100263514 /* landmarkData.json */; };
		326DC9A12B29BF1B00263514 /* Landmark.swift in Sources */ = {isa = PBXBuildFile; fileRef = 326DC9A02B29BF1B00263514 /* Landmark.swift */; };
		326DC9A32B29BF6F00263514 /* ModelData.swift in Sources */ = {isa = PBXBuildFile; fileRef = 326DC9A22B29BF6F00263514 /* ModelData.swift */; };
		326DC9A72B29BFCC00263514 /* LandmarkRow.swift in Sources */ = {isa = PBXBuildFile; fileRef = 326DC9A62B29BFCC00263514 /* LandmarkRow.swift */; };
		326DC9A92B29C1A100263514 /* LandmarkList.swift in Sources */ = {isa = PBXBuildFile; fileRef = 326DC9A82B29C1A100263514 /* LandmarkList.swift */; };
		326DC9AB2B29C6B100263514 /* LandmarkDetail.swift in Sources */ = {isa = PBXBuildFile; fileRef = 326DC9AA2B29C6B100263514 /* LandmarkDetail.swift */; };
		32F326ED2B299D7B002BD795 /* CircleImage.swift in Sources */ = {isa = PBXBuildFile; fileRef = 32F326EC2B299D7B002BD795 /* CircleImage.swift */; };
		32F326EF2B299E39002BD795 /* MapView.swift in Sources */ = {isa = PBXBuildFile; fileRef = 32F326EE2B299E39002BD795 /* MapView.swift */; };
/* End PBXBuildFile section */

/* Begin PBXContainerItemProxy section */
		32294E152B2983FF000BEFE5 /* PBXContainerItemProxy */ = {
			isa = PBXContainerItemProxy;
			containerPortal = 32294DFC2B2983FE000BEFE5 /* Project object */;
			proxyType = 1;
			remoteGlobalIDString = 32294E032B2983FE000BEFE5;
			remoteInfo = Landmarks;
		};
		32294E1F2B2983FF000BEFE5 /* PBXContainerItemProxy */ = {
			isa = PBXContainerItemProxy;
			containerPortal = 32294DFC2B2983FE000BEFE5 /* Project object */;
			proxyType = 1;
			remoteGlobalIDString = 32294E032B2983FE000BEFE5;
			remoteInfo = Landmarks;
		};
/* End PBXContainerItemProxy section */

/* Begin PBXFileReference section */
		32294E042B2983FE000BEFE5 /* Landmarks.app */ = {isa = PBXFileReference; explicitFileType = wrapper.application; includeInIndex = 0; path = Landmarks.app; sourceTree = BUILT_PRODUCTS_DIR; };
		32294E072B2983FE000BEFE5 /* LandmarksApp.swift */ = {isa = PBXFileReference; lastKnownFileType = sourcecode.swift; path = LandmarksApp.swift; sourceTree = "<group>"; };
		32294E092B2983FE000BEFE5 /* ContentView.swift */ = {isa = PBXFileReference; lastKnownFileType = sourcecode.swift; path = ContentView.swift; sourceTree = "<group>"; };
		32294E0B2B2983FE000BEFE5 /* Assets.xcassets */ = {isa = PBXFileReference; lastKnownFileType = folder.assetcatalog; path = Assets.xcassets; sourceTree = "<group>"; };
		32294E0E2B2983FE000BEFE5 /* Preview Assets.xcassets */ = {isa = PBXFileReference; lastKnownFileType = folder.assetcatalog; path = "Preview Assets.xcassets"; sourceTree = "<group>"; };
		32294E142B2983FF000BEFE5 /* LandmarksTests.xctest */ = {isa = PBXFileReference; explicitFileType = wrapper.cfbundle; includeInIndex = 0; path = LandmarksTests.xctest; sourceTree = BUILT_PRODUCTS_DIR; };
		32294E1E2B2983FF000BEFE5 /* LandmarksUITests.xctest */ = {isa = PBXFileReference; explicitFileType = wrapper.cfbundle; includeInIndex = 0; path = LandmarksUITests.xctest; sourceTree = BUILT_PRODUCTS_DIR; };
		326DC99E2B29BF0100263514 /* landmarkData.json */ = {isa = PBXFileReference; fileEncoding = 4; lastKnownFileType = text.json; path = landmarkData.json; sourceTree = "<group>"; };
		326DC9A02B29BF1B00263514 /* Landmark.swift */ = {isa = PBXFileReference; lastKnownFileType = sourcecode.swift; path = Landmark.swift; sourceTree = "<group>"; };
		326DC9A22B29BF6F00263514 /* ModelData.swift */ = {isa = PBXFileReference; lastKnownFileType = sourcecode.swift; path = ModelData.swift; sourceTree = "<group>"; };
		326DC9A62B29BFCC00263514 /* LandmarkRow.swift */ = {isa = PBXFileReference; lastKnownFileType = sourcecode.swift; path = LandmarkRow.swift; sourceTree = "<group>"; };
		326DC9A82B29C1A100263514 /* LandmarkList.swift */ = {isa = PBXFileReference; lastKnownFileType = sourcecode.swift; path = LandmarkList.swift; sourceTree = "<group>"; };
		326DC9AA2B29C6B100263514 /* LandmarkDetail.swift */ = {isa = PBXFileReference; lastKnownFileType = sourcecode.swift; path = LandmarkDetail.swift; sourceTree = "<group>"; };
		32F326EC2B299D7B002BD795 /* CircleImage.swift */ = {isa = PBXFileReference; lastKnownFileType = sourcecode.swift; path = CircleImage.swift; sourceTree = "<group>"; };
		32F326EE2B299E39002BD795 /* MapView.swift */ = {isa = PBXFileReference; lastKnownFileType = sourcecode.swift; path = MapView.swift; sourceTree = "<group>"; };
/* End PBXFileReference section */

/* Begin PBXFrameworksBuildPhase section */
		32294E012B2983FE000BEFE5 /* Frameworks */ = {
			isa = PBXFrameworksBuildPhase;
			buildActionMask = 2147483647;
			files = (
			);
			runOnlyForDeploymentPostprocessing = 0;
		};
		32294E112B2983FF000BEFE5 /* Frameworks */ = {
			isa = PBXFrameworksBuildPhase;
			buildActionMask = 2147483647;
			files = (
			);
			runOnlyForDeploymentPostprocessing = 0;
		};
		32294E1B2B2983FF000BEFE5 /* Frameworks */ = {
			isa = PBXFrameworksBuildPhase;
			buildActionMask = 2147483647;
			files = (
			);
			runOnlyForDeploymentPostprocessing = 0;
		};
/* End PBXFrameworksBuildPhase section */

/* Begin PBXGroup section */
		32294DFB2B2983FE000BEFE5 = {
			isa = PBXGroup;
			children = (
				326DC99E2B29BF0100263514 /* landmarkData.json */,
				32294E062B2983FE000BEFE5 /* Landmarks */,
				32294E052B2983FE000BEFE5 /* Products */,
			);
			sourceTree = "<group>";
		};
		32294E052B2983FE000BEFE5 /* Products */ = {
			isa = PBXGroup;
			children = (
				32294E042B2983FE000BEFE5 /* Landmarks.app */,
				32294E142B2983FF000BEFE5 /* LandmarksTests.xctest */,
				32294E1E2B2983FF000BEFE5 /* LandmarksUITests.xctest */,
			);
			name = Products;
			sourceTree = "<group>";
		};
		32294E062B2983FE000BEFE5 /* Landmarks */ = {
			isa = PBXGroup;
			children = (
				326DC9A62B29BFCC00263514 /* LandmarkRow.swift */,
				326DC9A82B29C1A100263514 /* LandmarkList.swift */,
				326DC9AA2B29C6B100263514 /* LandmarkDetail.swift */,
				326DC9A52B29BFA100263514 /* Views */,
				32294E072B2983FE000BEFE5 /* LandmarksApp.swift */,
				326DC9A42B29BF8100263514 /* Model */,
				32294E0B2B2983FE000BEFE5 /* Assets.xcassets */,
				32294E0D2B2983FE000BEFE5 /* Preview Content */,
			);
			path = Landmarks;
			sourceTree = "<group>";
		};
		32294E0D2B2983FE000BEFE5 /* Preview Content */ = {
			isa = PBXGroup;
			children = (
				32294E0E2B2983FE000BEFE5 /* Preview Assets.xcassets */,
			);
			path = "Preview Content";
			sourceTree = "<group>";
		};
		326DC9A42B29BF8100263514 /* Model */ = {
			isa = PBXGroup;
			children = (
				326DC9A02B29BF1B00263514 /* Landmark.swift */,
				326DC9A22B29BF6F00263514 /* ModelData.swift */,
			);
			path = Model;
			sourceTree = "<group>";
		};
		326DC9A52B29BFA100263514 /* Views */ = {
			isa = PBXGroup;
			children = (
				32294E092B2983FE000BEFE5 /* ContentView.swift */,
				32F326EC2B299D7B002BD795 /* CircleImage.swift */,
				32F326EE2B299E39002BD795 /* MapView.swift */,
			);
			path = Views;
			sourceTree = "<group>";
		};
/* End PBXGroup section */

/* Begin PBXNativeTarget section */
		32294E032B2983FE000BEFE5 /* Landmarks */ = {
			isa = PBXNativeTarget;
			buildConfigurationList = 32294E282B2983FF000BEFE5 /* Build configuration list for PBXNativeTarget "Landmarks" */;
			buildPhases = (
				32294E002B2983FE000BEFE5 /* Sources */,
				32294E012B2983FE000BEFE5 /* Frameworks */,
				32294E022B2983FE000BEFE5 /* Resources */,
			);
			buildRules = (
			);
			dependencies = (
			);
			name = Landmarks;
			productName = Landmarks;
			productReference = 32294E042B2983FE000BEFE5 /* Landmarks.app */;
			productType = "com.apple.product-type.application";
		};
		32294E132B2983FF000BEFE5 /* LandmarksTests */ = {
			isa = PBXNativeTarget;
			buildConfigurationList = 32294E2B2B2983FF000BEFE5 /* Build configuration list for PBXNativeTarget "LandmarksTests" */;
			buildPhases = (
				32294E102B2983FF000BEFE5 /* Sources */,
				32294E112B2983FF000BEFE5 /* Frameworks */,
				32294E122B2983FF000BEFE5 /* Resources */,
			);
			buildRules = (
			);
			dependencies = (
				32294E162B2983FF000BEFE5 /* PBXTargetDependency */,
			);
			name = LandmarksTests;
			productName = LandmarksTests;
			productReference = 32294E142B2983FF000BEFE5 /* LandmarksTests.xctest */;
			productType = "com.apple.product-type.bundle.unit-test";
		};
		32294E1D2B2983FF000BEFE5 /* LandmarksUITests */ = {
			isa = PBXNativeTarget;
			buildConfigurationList = 32294E2E2B2983FF000BEFE5 /* Build configuration list for PBXNativeTarget "LandmarksUITests" */;
			buildPhases = (
				32294E1A2B2983FF000BEFE5 /* Sources */,
				32294E1B2B2983FF000BEFE5 /* Frameworks */,
				32294E1C2B2983FF000BEFE5 /* Resources */,
			);
			buildRules = (
			);
			dependencies = (
				32294E202B2983FF000BEFE5 /* PBXTargetDependency */,
			);
			name = LandmarksUITests;
			productName = LandmarksUITests;
			productReference = 32294E1E2B2983FF000BEFE5 /* LandmarksUITests.xctest */;
			productType = "com.apple.product-type.bundle.ui-testing";
		};
/* End PBXNativeTarget section */

/* Begin PBXProject section */
		32294DFC2B2983FE000BEFE5 /* Project object */ = {
			isa = PBXProject;
			attributes = {
				BuildIndependentTargetsInParallel = 1;
				LastSwiftUpdateCheck = 1510;
				LastUpgradeCheck = 1510;
				TargetAttributes = {
					32294E032B2983FE000BEFE5 = {
						CreatedOnToolsVersion = 15.1;
					};
					32294E132B2983FF000BEFE5 = {
						CreatedOnToolsVersion = 15.1;
						TestTargetID = 32294E032B2983FE000BEFE5;
					};
					32294E1D2B2983FF000BEFE5 = {
						CreatedOnToolsVersion = 15.1;
						TestTargetID = 32294E032B2983FE000BEFE5;
					};
				};
			};
			buildConfigurationList = 32294DFF2B2983FE000BEFE5 /* Build configuration list for PBXProject "Landmarks" */;
			compatibilityVersion = "Xcode 14.0";
			developmentRegion = en;
			hasScannedForEncodings = 0;
			knownRegions = (
				en,
				Base,
			);
			mainGroup = 32294DFB2B2983FE000BEFE5;
			productRefGroup = 32294E052B2983FE000BEFE5 /* Products */;
			projectDirPath = "";
			projectRoot = "";
			targets = (
				32294E032B2983FE000BEFE5 /* Landmarks */,
				32294E132B2983FF000BEFE5 /* LandmarksTests */,
				32294E1D2B2983FF000BEFE5 /* LandmarksUITests */,
			);
		};
/* End PBXProject section */

/* Begin PBXResourcesBuildPhase section */
		32294E022B2983FE000BEFE5 /* Resources */ = {
			isa = PBXResourcesBuildPhase;
			buildActionMask = 2147483647;
			files = (
				32294E0F2B2983FE000BEFE5 /* Preview Assets.xcassets in Resources */,
				32294E0C2B2983FE000BEFE5 /* Assets.xcassets in Resources */,
				326DC99F2B29BF0100263514 /* landmarkData.json in Resources */,
			);
			runOnlyForDeploymentPostprocessing = 0;
		};
		32294E122B2983FF000BEFE5 /* Resources */ = {
			isa = PBXResourcesBuildPhase;
			buildActionMask = 2147483647;
			files = (
			);
			runOnlyForDeploymentPostprocessing = 0;
		};
		32294E1C2B2983FF000BEFE5 /* Resources */ = {
			isa = PBXResourcesBuildPhase;
			buildActionMask = 2147483647;
			files = (
			);
			runOnlyForDeploymentPostprocessing = 0;
		};
/* End PBXResourcesBuildPhase section */

/* Begin PBXSourcesBuildPhase section */
		32294E002B2983FE000BEFE5 /* Sources */ = {
			isa = PBXSourcesBuildPhase;
			buildActionMask = 2147483647;
			files = (
				326DC9A72B29BFCC00263514 /* LandmarkRow.swift in Sources */,
				32294E0A2B2983FE000BEFE5 /* ContentView.swift in Sources */,
				32F326EF2B299E39002BD795 /* MapView.swift in Sources */,
				326DC9A92B29C1A100263514 /* LandmarkList.swift in Sources */,
				326DC9AB2B29C6B100263514 /* LandmarkDetail.swift in Sources */,
				32294E082B2983FE000BEFE5 /* LandmarksApp.swift in Sources */,
				32F326ED2B299D7B002BD795 /* CircleImage.swift in Sources */,
				326DC9A12B29BF1B00263514 /* Landmark.swift in Sources */,
				326DC9A32B29BF6F00263514 /* ModelData.swift in Sources */,
			);
			runOnlyForDeploymentPostprocessing = 0;
		};
		32294E102B2983FF000BEFE5 /* Sources */ = {
			isa = PBXSourcesBuildPhase;
			buildActionMask = 2147483647;
			files = (
			);
			runOnlyForDeploymentPostprocessing = 0;
		};
		32294E1A2B2983FF000BEFE5 /* Sources */ = {
			isa = PBXSourcesBuildPhase;
			buildActionMask = 2147483647;
			files = (
			);
			runOnlyForDeploymentPostprocessing = 0;
		};
/* End PBXSourcesBuildPhase section */

/* Begin PBXTargetDependency section */
		32294E162B2983FF000BEFE5 /* PBXTargetDependency */ = {
			isa = PBXTargetDependency;
			target = 32294E032B2983FE000BEFE5 /* Landmarks */;
			targetProxy = 32294E152B2983FF000BEFE5 /* PBXContainerItemProxy */;
		};
		32294E202B2983FF000BEFE5 /* PBXTargetDependency */ = {
			isa = PBXTargetDependency;
			target = 32294E032B2983FE000BEFE5 /* Landmarks */;
			targetProxy = 32294E1F2B2983FF000BEFE5 /* PBXContainerItemProxy */;
		};
/* End PBXTargetDependency section */

/* Begin XCBuildConfiguration section */
		32294E262B2983FF000BEFE5 /* Debug */ = {
			isa = XCBuildConfiguration;
			buildSettings = {
				ALWAYS_SEARCH_USER_PATHS = NO;
				ASSETCATALOG_COMPILER_GENERATE_SWIFT_ASSET_SYMBOL_EXTENSIONS = YES;
				CLANG_ANALYZER_NONNULL = YES;
				CLANG_ANALYZER_NUMBER_OBJECT_CONVERSION = YES_AGGRESSIVE;
				CLANG_CXX_LANGUAGE_STANDARD = "gnu++20";
				CLANG_ENABLE_MODULES = YES;
				CLANG_ENABLE_OBJC_ARC = YES;
				CLANG_ENABLE_OBJC_WEAK = YES;
				CLANG_WARN_BLOCK_CAPTURE_AUTORELEASING = YES;
				CLANG_WARN_BOOL_CONVERSION = YES;
				CLANG_WARN_COMMA = YES;
				CLANG_WARN_CONSTANT_CONVERSION = YES;
				CLANG_WARN_DEPRECATED_OBJC_IMPLEMENTATIONS = YES;
				CLANG_WARN_DIRECT_OBJC_ISA_USAGE = YES_ERROR;
				CLANG_WARN_DOCUMENTATION_COMMENTS = YES;
				CLANG_WARN_EMPTY_BODY = YES;
				CLANG_WARN_ENUM_CONVERSION = YES;
				CLANG_WARN_INFINITE_RECURSION = YES;
				CLANG_WARN_INT_CONVERSION = YES;
				CLANG_WARN_NON_LITERAL_NULL_CONVERSION = YES;
				CLANG_WARN_OBJC_IMPLICIT_RETAIN_SELF = YES;
				CLANG_WARN_OBJC_LITERAL_CONVERSION = YES;
				CLANG_WARN_OBJC_ROOT_CLASS = YES_ERROR;
				CLANG_WARN_QUOTED_INCLUDE_IN_FRAMEWORK_HEADER = YES;
				CLANG_WARN_RANGE_LOOP_ANALYSIS = YES;
				CLANG_WARN_STRICT_PROTOTYPES = YES;
				CLANG_WARN_SUSPICIOUS_MOVE = YES;
				CLANG_WARN_UNGUARDED_AVAILABILITY = YES_AGGRESSIVE;
				CLANG_WARN_UNREACHABLE_CODE = YES;
				CLANG_WARN__DUPLICATE_METHOD_MATCH = YES;
				COPY_PHASE_STRIP = NO;
				DEBUG_INFORMATION_FORMAT = dwarf;
				ENABLE_STRICT_OBJC_MSGSEND = YES;
				ENABLE_TESTABILITY = YES;
				ENABLE_USER_SCRIPT_SANDBOXING = YES;
				GCC_C_LANGUAGE_STANDARD = gnu17;
				GCC_DYNAMIC_NO_PIC = NO;
				GCC_NO_COMMON_BLOCKS = YES;
				GCC_OPTIMIZATION_LEVEL = 0;
				GCC_PREPROCESSOR_DEFINITIONS = (
					"DEBUG=1",
					"$(inherited)",
				);
				GCC_WARN_64_TO_32_BIT_CONVERSION = YES;
				GCC_WARN_ABOUT_RETURN_TYPE = YES_ERROR;
				GCC_WARN_UNDECLARED_SELECTOR = YES;
				GCC_WARN_UNINITIALIZED_AUTOS = YES_AGGRESSIVE;
				GCC_WARN_UNUSED_FUNCTION = YES;
				GCC_WARN_UNUSED_VARIABLE = YES;
				IPHONEOS_DEPLOYMENT_TARGET = 17.2;
				LOCALIZATION_PREFERS_STRING_CATALOGS = YES;
				MTL_ENABLE_DEBUG_INFO = INCLUDE_SOURCE;
				MTL_FAST_MATH = YES;
				ONLY_ACTIVE_ARCH = YES;
				SDKROOT = iphoneos;
				SWIFT_ACTIVE_COMPILATION_CONDITIONS = "DEBUG $(inherited)";
				SWIFT_OPTIMIZATION_LEVEL = "-Onone";
			};
			name = Debug;
		};
		32294E272B2983FF000BEFE5 /* Release */ = {
			isa = XCBuildConfiguration;
			buildSettings = {
				ALWAYS_SEARCH_USER_PATHS = NO;
				ASSETCATALOG_COMPILER_GENERATE_SWIFT_ASSET_SYMBOL_EXTENSIONS = YES;
				CLANG_ANALYZER_NONNULL = YES;
				CLANG_ANALYZER_NUMBER_OBJECT_CONVERSION = YES_AGGRESSIVE;
				CLANG_CXX_LANGUAGE_STANDARD = "gnu++20";
				CLANG_ENABLE_MODULES = YES;
				CLANG_ENABLE_OBJC_ARC = YES;
				CLANG_ENABLE_OBJC_WEAK = YES;
				CLANG_WARN_BLOCK_CAPTURE_AUTORELEASING = YES;
				CLANG_WARN_BOOL_CONVERSION = YES;
				CLANG_WARN_COMMA = YES;
				CLANG_WARN_CONSTANT_CONVERSION = YES;
				CLANG_WARN_DEPRECATED_OBJC_IMPLEMENTATIONS = YES;
				CLANG_WARN_DIRECT_OBJC_ISA_USAGE = YES_ERROR;
				CLANG_WARN_DOCUMENTATION_COMMENTS = YES;
				CLANG_WARN_EMPTY_BODY = YES;
				CLANG_WARN_ENUM_CONVERSION = YES;
				CLANG_WARN_INFINITE_RECURSION = YES;
				CLANG_WARN_INT_CONVERSION = YES;
				CLANG_WARN_NON_LITERAL_NULL_CONVERSION = YES;
				CLANG_WARN_OBJC_IMPLICIT_RETAIN_SELF = YES;
				CLANG_WARN_OBJC_LITERAL_CONVERSION = YES;
				CLANG_WARN_OBJC_ROOT_CLASS = YES_ERROR;
				CLANG_WARN_QUOTED_INCLUDE_IN_FRAMEWORK_HEADER = YES;
				CLANG_WARN_RANGE_LOOP_ANALYSIS = YES;
				CLANG_WARN_STRICT_PROTOTYPES = YES;
				CLANG_WARN_SUSPICIOUS_MOVE = YES;
				CLANG_WARN_UNGUARDED_AVAILABILITY = YES_AGGRESSIVE;
				CLANG_WARN_UNREACHABLE_CODE = YES;
				CLANG_WARN__DUPLICATE_METHOD_MATCH = YES;
				COPY_PHASE_STRIP = NO;
				DEBUG_INFORMATION_FORMAT = "dwarf-with-dsym";
				ENABLE_NS_ASSERTIONS = NO;
				ENABLE_STRICT_OBJC_MSGSEND = YES;
				ENABLE_USER_SCRIPT_SANDBOXING = YES;
				GCC_C_LANGUAGE_STANDARD = gnu17;
				GCC_NO_COMMON_BLOCKS = YES;
				GCC_WARN_64_TO_32_BIT_CONVERSION = YES;
				GCC_WARN_ABOUT_RETURN_TYPE = YES_ERROR;
				GCC_WARN_UNDECLARED_SELECTOR = YES;
				GCC_WARN_UNINITIALIZED_AUTOS = YES_AGGRESSIVE;
				GCC_WARN_UNUSED_FUNCTION = YES;
				GCC_WARN_UNUSED_VARIABLE = YES;
				IPHONEOS_DEPLOYMENT_TARGET = 17.2;
				LOCALIZATION_PREFERS_STRING_CATALOGS = YES;
				MTL_ENABLE_DEBUG_INFO = NO;
				MTL_FAST_MATH = YES;
				SDKROOT = iphoneos;
				SWIFT_COMPILATION_MODE = wholemodule;
				VALIDATE_PRODUCT = YES;
			};
			name = Release;
		};
		32294E292B2983FF000BEFE5 /* Debug */ = {
			isa = XCBuildConfiguration;
			buildSettings = {
				ASSETCATALOG_COMPILER_APPICON_NAME = AppIcon;
				ASSETCATALOG_COMPILER_GLOBAL_ACCENT_COLOR_NAME = AccentColor;
				CODE_SIGN_STYLE = Automatic;
				CURRENT_PROJECT_VERSION = 1;
				DEVELOPMENT_ASSET_PATHS = "\"Landmarks/Preview Content\"";
				ENABLE_PREVIEWS = YES;
				GENERATE_INFOPLIST_FILE = YES;
				INFOPLIST_KEY_UIApplicationSceneManifest_Generation = YES;
				INFOPLIST_KEY_UIApplicationSupportsIndirectInputEvents = YES;
				INFOPLIST_KEY_UILaunchScreen_Generation = YES;
				INFOPLIST_KEY_UISupportedInterfaceOrientations_iPad = "UIInterfaceOrientationPortrait UIInterfaceOrientationPortraitUpsideDown UIInterfaceOrientationLandscapeLeft UIInterfaceOrientationLandscapeRight";
				INFOPLIST_KEY_UISupportedInterfaceOrientations_iPhone = "UIInterfaceOrientationPortrait UIInterfaceOrientationLandscapeLeft UIInterfaceOrientationLandscapeRight";
				LD_RUNPATH_SEARCH_PATHS = (
					"$(inherited)",
					"@executable_path/Frameworks",
				);
				MARKETING_VERSION = 1.0;
				PRODUCT_BUNDLE_IDENTIFIER = com.livspect.Landmarks;
				PRODUCT_NAME = "$(TARGET_NAME)";
				SWIFT_EMIT_LOC_STRINGS = YES;
				SWIFT_VERSION = 5.0;
				TARGETED_DEVICE_FAMILY = "1,2";
			};
			name = Debug;
		};
		32294E2A2B2983FF000BEFE5 /* Release */ = {
			isa = XCBuildConfiguration;
			buildSettings = {
				ASSETCATALOG_COMPILER_APPICON_NAME = AppIcon;
				ASSETCATALOG_COMPILER_GLOBAL_ACCENT_COLOR_NAME = AccentColor;
				CODE_SIGN_STYLE = Automatic;
				CURRENT_PROJECT_VERSION = 1;
				DEVELOPMENT_ASSET_PATHS = "\"Landmarks/Preview Content\"";
				ENABLE_PREVIEWS = YES;
				GENERATE_INFOPLIST_FILE = YES;
				INFOPLIST_KEY_UIApplicationSceneManifest_Generation = YES;
				INFOPLIST_KEY_UIApplicationSupportsIndirectInputEvents = YES;
				INFOPLIST_KEY_UILaunchScreen_Generation = YES;
				INFOPLIST_KEY_UISupportedInterfaceOrientations_iPad = "UIInterfaceOrientationPortrait UIInterfaceOrientationPortraitUpsideDown UIInterfaceOrientationLandscapeLeft UIInterfaceOrientationLandscapeRight";
				INFOPLIST_KEY_UISupportedInterfaceOrientations_iPhone = "UIInterfaceOrientationPortrait UIInterfaceOrientationLandscapeLeft UIInterfaceOrientationLandscapeRight";
				LD_RUNPATH_SEARCH_PATHS = (
					"$(inherited)",
					"@executable_path/Frameworks",
				);
				MARKETING_VERSION = 1.0;
				PRODUCT_BUNDLE_IDENTIFIER = com.livspect.Landmarks;
				PRODUCT_NAME = "$(TARGET_NAME)";
				SWIFT_EMIT_LOC_STRINGS = YES;
				SWIFT_VERSION = 5.0;
				TARGETED_DEVICE_FAMILY = "1,2";
			};
			name = Release;
		};
		32294E2C2B2983FF000BEFE5 /* Debug */ = {
			isa = XCBuildConfiguration;
			buildSettings = {
				ALWAYS_EMBED_SWIFT_STANDARD_LIBRARIES = YES;
				BUNDLE_LOADER = "$(TEST_HOST)";
				CODE_SIGN_STYLE = Automatic;
				CURRENT_PROJECT_VERSION = 1;
				GENERATE_INFOPLIST_FILE = YES;
				IPHONEOS_DEPLOYMENT_TARGET = 17.2;
				MARKETING_VERSION = 1.0;
				PRODUCT_BUNDLE_IDENTIFIER = com.livspect.LandmarksTests;
				PRODUCT_NAME = "$(TARGET_NAME)";
				SWIFT_EMIT_LOC_STRINGS = NO;
				SWIFT_VERSION = 5.0;
				TARGETED_DEVICE_FAMILY = "1,2";
				TEST_HOST = "$(BUILT_PRODUCTS_DIR)/Landmarks.app/$(BUNDLE_EXECUTABLE_FOLDER_PATH)/Landmarks";
			};
			name = Debug;
		};
		32294E2D2B2983FF000BEFE5 /* Release */ = {
			isa = XCBuildConfiguration;
			buildSettings = {
				ALWAYS_EMBED_SWIFT_STANDARD_LIBRARIES = YES;
				BUNDLE_LOADER = "$(TEST_HOST)";
				CODE_SIGN_STYLE = Automatic;
				CURRENT_PROJECT_VERSION = 1;
				GENERATE_INFOPLIST_FILE = YES;
				IPHONEOS_DEPLOYMENT_TARGET = 17.2;
				MARKETING_VERSION = 1.0;
				PRODUCT_BUNDLE_IDENTIFIER = com.livspect.LandmarksTests;
				PRODUCT_NAME = "$(TARGET_NAME)";
				SWIFT_EMIT_LOC_STRINGS = NO;
				SWIFT_VERSION = 5.0;
				TARGETED_DEVICE_FAMILY = "1,2";
				TEST_HOST = "$(BUILT_PRODUCTS_DIR)/Landmarks.app/$(BUNDLE_EXECUTABLE_FOLDER_PATH)/Landmarks";
			};
			name = Release;
		};
		32294E2F2B2983FF000BEFE5 /* Debug */ = {
			isa = XCBuildConfiguration;
			buildSettings = {
				ALWAYS_EMBED_SWIFT_STANDARD_LIBRARIES = YES;
				CODE_SIGN_STYLE = Automatic;
				CURRENT_PROJECT_VERSION = 1;
				GENERATE_INFOPLIST_FILE = YES;
				MARKETING_VERSION = 1.0;
				PRODUCT_BUNDLE_IDENTIFIER = com.livspect.LandmarksUITests;
				PRODUCT_NAME = "$(TARGET_NAME)";
				SWIFT_EMIT_LOC_STRINGS = NO;
				SWIFT_VERSION = 5.0;
				TARGETED_DEVICE_FAMILY = "1,2";
				TEST_TARGET_NAME = Landmarks;
			};
			name = Debug;
		};
		32294E302B2983FF000BEFE5 /* Release */ = {
			isa = XCBuildConfiguration;
			buildSettings = {
				ALWAYS_EMBED_SWIFT_STANDARD_LIBRARIES = YES;
				CODE_SIGN_STYLE = Automatic;
				CURRENT_PROJECT_VERSION = 1;
				GENERATE_INFOPLIST_FILE = YES;
				MARKETING_VERSION = 1.0;
				PRODUCT_BUNDLE_IDENTIFIER = com.livspect.LandmarksUITests;
				PRODUCT_NAME = "$(TARGET_NAME)";
				SWIFT_EMIT_LOC_STRINGS = NO;
				SWIFT_VERSION = 5.0;
				TARGETED_DEVICE_FAMILY = "1,2";
				TEST_TARGET_NAME = Landmarks;
			};
			name = Release;
		};
/* End XCBuildConfiguration section */

/* Begin XCConfigurationList section */
		32294DFF2B2983FE000BEFE5 /* Build configuration list for PBXProject "Landmarks" */ = {
			isa = XCConfigurationList;
			buildConfigurations = (
				32294E262B2983FF000BEFE5 /* Debug */,
				32294E272B2983FF000BEFE5 /* Release */,
			);
			defaultConfigurationIsVisible = 0;
			defaultConfigurationName = Release;
		};
		32294E282B2983FF000BEFE5 /* Build configuration list for PBXNativeTarget "Landmarks" */ = {
			isa = XCConfigurationList;
			buildConfigurations = (
				32294E292B2983FF000BEFE5 /* Debug */,
				32294E2A2B2983FF000BEFE5 /* Release */,
			);
			defaultConfigurationIsVisible = 0;
			defaultConfigurationName = Release;
		};
		32294E2B2B2983FF000BEFE5 /* Build configuration list for PBXNativeTarget "LandmarksTests" */ = {
			isa = XCConfigurationList;
			buildConfigurations = (
				32294E2C2B2983FF000BEFE5 /* Debug */,
				32294E2D2B2983FF000BEFE5 /* Release */,
			);
			defaultConfigurationIsVisible = 0;
			defaultConfigurationName = Release;
		};
		32294E2E2B2983FF000BEFE5 /* Build configuration list for PBXNativeTarget "LandmarksUITests" */ = {
			isa = XCConfigurationList;
			buildConfigurations = (
				32294E2F2B2983FF000BEFE5 /* Debug */,
				32294E302B2983FF000BEFE5 /* Release */,
			);
			defaultConfigurationIsVisible = 0;
			defaultConfigurationName = Release;
		};
/* End XCConfigurationList section */
	};
	rootObject = 32294DFC2B2983FE000BEFE5 /* Project object */;
}
